
Microsoft Visual Studio Solution File, Format Version 12.00
# Visual Studio 15
VisualStudioVersion = 15.0.28010.2048
MinimumVisualStudioVersion = 10.0.40219.1
Project("{FAE04EC0-301F-11D3-BF4B-00C04F79EFBC}") = "MeuEcommerce", "MeuEcommerce\MeuEcommerce.csproj", "{370BE2B9-6CDD-4618-85EF-B1FA5B0C08D3}"
EndProject
Global
	GlobalSection(SolutionConfigurationPlatforms) = preSolution
		Debug|Any CPU = Debug|Any CPU
		Release|Any CPU = Release|Any CPU
	EndGlobalSection
	GlobalSection(ProjectConfigurationPlatforms) = postSolution
		{370BE2B9-6CDD-4618-85EF-B1FA5B0C08D3}.Debug|Any CPU.ActiveCfg = Debug|Any CPU
		{370BE2B9-6CDD-4618-85EF-B1FA5B0C08D3}.Debug|Any CPU.Build.0 = Debug|Any CPU
		{370BE2B9-6CDD-4618-85EF-B1FA5B0C08D3}.Release|Any CPU.ActiveCfg = Release|Any CPU
		{370BE2B9-6CDD-4618-85EF-B1FA5B0C08D3}.Release|Any CPU.Build.0 = Release|Any CPU
	EndGlobalSection
	GlobalSection(SolutionProperties) = preSolution
		HideSolutionNode = FALSE
	EndGlobalSection
	GlobalSection(ExtensibilityGlobals) = postSolution
		SolutionGuid = {B7FC160B-F16B-4C55-BD4D-D9CFE8E4B4A0}
	EndGlobalSection
EndGlobal
